// !$*UTF8*$!
{
	archiveVersion = 1;
	classes = {
	};
	objectVersion = 46;
	objects = {

/* Begin PBXBuildFile section */
		3B0498C31C377228000DDCCC /* AppDelegate.swift in Sources */ = {isa = PBXBuildFile; fileRef = 3B0498C21C377228000DDCCC /* AppDelegate.swift */; };
		3B0498C51C377228000DDCCC /* ViewController.swift in Sources */ = {isa = PBXBuildFile; fileRef = 3B0498C41C377228000DDCCC /* ViewController.swift */; };
		3B0498C81C377228000DDCCC /* Main.storyboard in Resources */ = {isa = PBXBuildFile; fileRef = 3B0498C61C377228000DDCCC /* Main.storyboard */; };
		3B0498CA1C377228000DDCCC /* Assets.xcassets in Resources */ = {isa = PBXBuildFile; fileRef = 3B0498C91C377228000DDCCC /* Assets.xcassets */; };
		3B0498CD1C377228000DDCCC /* LaunchScreen.storyboard in Resources */ = {isa = PBXBuildFile; fileRef = 3B0498CB1C377228000DDCCC /* LaunchScreen.storyboard */; };
		3B0498D51C378535000DDCCC /* PhotoEffectColectionCell.swift in Sources */ = {isa = PBXBuildFile; fileRef = 3B0498D41C378535000DDCCC /* PhotoEffectColectionCell.swift */; };
/* End PBXBuildFile section */

/* Begin PBXFileReference section */
		3B0498BF1C377228000DDCCC /* NodeIOS.app */ = {isa = PBXFileReference; explicitFileType = wrapper.application; includeInIndex = 0; path = NodeIOS.app; sourceTree = BUILT_PRODUCTS_DIR; };
		3B0498C21C377228000DDCCC /* AppDelegate.swift */ = {isa = PBXFileReference; lastKnownFileType = sourcecode.swift; path = AppDelegate.swift; sourceTree = "<group>"; };
		3B0498C41C377228000DDCCC /* ViewController.swift */ = {isa = PBXFileReference; lastKnownFileType = sourcecode.swift; path = ViewController.swift; sourceTree = "<group>"; };
		3B0498C71C377228000DDCCC /* Base */ = {isa = PBXFileReference; lastKnownFileType = file.storyboard; name = Base; path = Base.lproj/Main.storyboard; sourceTree = "<group>"; };
		3B0498C91C377228000DDCCC /* Assets.xcassets */ = {isa = PBXFileReference; lastKnownFileType = folder.assetcatalog; path = Assets.xcassets; sourceTree = "<group>"; };
		3B0498CC1C377228000DDCCC /* Base */ = {isa = PBXFileReference; lastKnownFileType = file.storyboard; name = Base; path = Base.lproj/LaunchScreen.storyboard; sourceTree = "<group>"; };
		3B0498CE1C377228000DDCCC /* Info.plist */ = {isa = PBXFileReference; lastKnownFileType = text.plist.xml; path = Info.plist; sourceTree = "<group>"; };
		3B0498D41C378535000DDCCC /* PhotoEffectColectionCell.swift */ = {isa = PBXFileReference; fileEncoding = 4; lastKnownFileType = sourcecode.swift; path = PhotoEffectColectionCell.swift; sourceTree = "<group>"; };
/* End PBXFileReference section */

/* Begin PBXFrameworksBuildPhase section */
		3B0498BC1C377228000DDCCC /* Frameworks */ = {
			isa = PBXFrameworksBuildPhase;
			buildActionMask = 2147483647;
			files = (
			);
			runOnlyForDeploymentPostprocessing = 0;
		};
/* End PBXFrameworksBuildPhase section */

/* Begin PBXGroup section */
		3B0498B61C377228000DDCCC = {
			isa = PBXGroup;
			children = (
				3B0498C11C377228000DDCCC /* NodeIOS */,
				3B0498C01C377228000DDCCC /* Products */,
			);
			sourceTree = "<group>";
		};
		3B0498C01C377228000DDCCC /* Products */ = {
			isa = PBXGroup;
			children = (
				3B0498BF1C377228000DDCCC /* NodeIOS.app */,
			);
			name = Products;
			sourceTree = "<group>";
		};
		3B0498C11C377228000DDCCC /* NodeIOS */ = {
			isa = PBXGroup;
			children = (
				3B0498C21C377228000DDCCC /* AppDelegate.swift */,
				3B0498C41C377228000DDCCC /* ViewController.swift */,
				3B0498D41C378535000DDCCC /* PhotoEffectColectionCell.swift */,
				3B0498C61C377228000DDCCC /* Main.storyboard */,
				3B0498C91C377228000DDCCC /* Assets.xcassets */,
				3B0498CB1C377228000DDCCC /* LaunchScreen.storyboard */,
				3B0498CE1C377228000DDCCC /* Info.plist */,
			);
			path = NodeIOS;
			sourceTree = "<group>";
		};
/* End PBXGroup section */

/* Begin PBXNativeTarget section */
		3B0498BE1C377228000DDCCC /* NodeIOS */ = {
			isa = PBXNativeTarget;
			buildConfigurationList = 3B0498D11C377228000DDCCC /* Build configuration list for PBXNativeTarget "NodeIOS" */;
			buildPhases = (
				3B0498BB1C377228000DDCCC /* Sources */,
				3B0498BC1C377228000DDCCC /* Frameworks */,
				3B0498BD1C377228000DDCCC /* Resources */,
			);
			buildRules = (
			);
			dependencies = (
			);
			name = NodeIOS;
			productName = NodeIOS;
			productReference = 3B0498BF1C377228000DDCCC /* NodeIOS.app */;
			productType = "com.apple.product-type.application";
		};
/* End PBXNativeTarget section */

/* Begin PBXProject section */
		3B0498B71C377228000DDCCC /* Project object */ = {
			isa = PBXProject;
			attributes = {
				LastSwiftUpdateCheck = 0710;
				LastUpgradeCheck = 0710;
				ORGANIZATIONNAME = CanDang;
				TargetAttributes = {
					3B0498BE1C377228000DDCCC = {
						CreatedOnToolsVersion = 7.1;
					};
				};
			};
			buildConfigurationList = 3B0498BA1C377228000DDCCC /* Build configuration list for PBXProject "NodeIOS" */;
			compatibilityVersion = "Xcode 3.2";
			developmentRegion = English;
			hasScannedForEncodings = 0;
			knownRegions = (
				en,
				Base,
			);
			mainGroup = 3B0498B61C377228000DDCCC;
			productRefGroup = 3B0498C01C377228000DDCCC /* Products */;
			projectDirPath = "";
			projectRoot = "";
			targets = (
				3B0498BE1C377228000DDCCC /* NodeIOS */,
			);
		};
/* End PBXProject section */

/* Begin PBXResourcesBuildPhase section */
		3B0498BD1C377228000DDCCC /* Resources */ = {
			isa = PBXResourcesBuildPhase;
			buildActionMask = 2147483647;
			files = (
				3B0498CD1C377228000DDCCC /* LaunchScreen.storyboard in Resources */,
				3B0498CA1C377228000DDCCC /* Assets.xcassets in Resources */,
				3B0498C81C377228000DDCCC /* Main.storyboard in Resources */,
			);
			runOnlyForDeploymentPostprocessing = 0;
		};
/* End PBXResourcesBuildPhase section */

/* Begin PBXSourcesBuildPhase section */
		3B0498BB1C377228000DDCCC /* Sources */ = {
			isa = PBXSourcesBuildPhase;
			buildActionMask = 2147483647;
			files = (
				3B0498C51C377228000DDCCC /* ViewController.swift in Sources */,
				3B0498C31C377228000DDCCC /* AppDelegate.swift in Sources */,
				3B0498D51C378535000DDCCC /* PhotoEffectColectionCell.swift in Sources */,
			);
			runOnlyForDeploymentPostprocessing = 0;
		};
/* End PBXSourcesBuildPhase section */

/* Begin PBXVariantGroup section */
		3B0498C61C377228000DDCCC /* Main.storyboard */ = {
			isa = PBXVariantGroup;
			children = (
				3B0498C71C377228000DDCCC /* Base */,
			);
			name = Main.storyboard;
			sourceTree = "<group>";
		};
		3B0498CB1C377228000DDCCC /* LaunchScreen.storyboard */ = {
			isa = PBXVariantGroup;
			children = (
				3B0498CC1C377228000DDCCC /* Base */,
			);
			name = LaunchScreen.storyboard;
			sourceTree = "<group>";
		};
/* End PBXVariantGroup section */

/* Begin XCBuildConfiguration section */
		3B0498CF1C377228000DDCCC /* Debug */ = {
			isa = XCBuildConfiguration;
			buildSettings = {
				ALWAYS_SEARCH_USER_PATHS = NO;
				CLANG_CXX_LANGUAGE_STANDARD = "gnu++0x";
				CLANG_CXX_LIBRARY = "libc++";
				CLANG_ENABLE_MODULES = YES;
				CLANG_ENABLE_OBJC_ARC = YES;
				CLANG_WARN_BOOL_CONVERSION = YES;
				CLANG_WARN_CONSTANT_CONVERSION = YES;
				CLANG_WARN_DIRECT_OBJC_ISA_USAGE = YES_ERROR;
				CLANG_WARN_EMPTY_BODY = YES;
				CLANG_WARN_ENUM_CONVERSION = YES;
				CLANG_WARN_INT_CONVERSION = YES;
				CLANG_WARN_OBJC_ROOT_CLASS = YES_ERROR;
				CLANG_WARN_UNREACHABLE_CODE = YES;
				CLANG_WARN__DUPLICATE_METHOD_MATCH = YES;
				"CODE_SIGN_IDENTITY[sdk=iphoneos*]" = "iPhone Developer";
				COPY_PHASE_STRIP = NO;
				DEBUG_INFORMATION_FORMAT = dwarf;
				ENABLE_STRICT_OBJC_MSGSEND = YES;
				ENABLE_TESTABILITY = YES;
				GCC_C_LANGUAGE_STANDARD = gnu99;
				GCC_DYNAMIC_NO_PIC = NO;
				GCC_NO_COMMON_BLOCKS = YES;
				GCC_OPTIMIZATION_LEVEL = 0;
				GCC_PREPROCESSOR_DEFINITIONS = (
					"DEBUG=1",
					"$(inherited)",
				);
				GCC_WARN_64_TO_32_BIT_CONVERSION = YES;
				GCC_WARN_ABOUT_RETURN_TYPE = YES_ERROR;
				GCC_WARN_UNDECLARED_SELECTOR = YES;
				GCC_WARN_UNINITIALIZED_AUTOS = YES_AGGRESSIVE;
				GCC_WARN_UNUSED_FUNCTION = YES;
				GCC_WARN_UNUSED_VARIABLE = YES;
				IPHONEOS_DEPLOYMENT_TARGET = 9.1;
				MTL_ENABLE_DEBUG_INFO = YES;
				ONLY_ACTIVE_ARCH = YES;
				SDKROOT = iphoneos;
				SWIFT_OPTIMIZATION_LEVEL = "-Onone";
			};
			name = Debug;
		};
		3B0498D01C377228000DDCCC /* Release */ = {
			isa = XCBuildConfiguration;
			buildSettings = {
				ALWAYS_SEARCH_USER_PATHS = NO;
				CLANG_CXX_LANGUAGE_STANDARD = "gnu++0x";
				CLANG_CXX_LIBRARY = "libc++";
				CLANG_ENABLE_MODULES = YES;
				CLANG_ENABLE_OBJC_ARC = YES;
				CLANG_WARN_BOOL_CONVERSION = YES;
				CLANG_WARN_CONSTANT_CONVERSION = YES;
				CLANG_WARN_DIRECT_OBJC_ISA_USAGE = YES_ERROR;
				CLANG_WARN_EMPTY_BODY = YES;
				CLANG_WARN_ENUM_CONVERSION = YES;
				CLANG_WARN_INT_CONVERSION = YES;
				CLANG_WARN_OBJC_ROOT_CLASS = YES_ERROR;
				CLANG_WARN_UNREACHABLE_CODE = YES;
				CLANG_WARN__DUPLICATE_METHOD_MATCH = YES;
				"CODE_SIGN_IDENTITY[sdk=iphoneos*]" = "iPhone Developer";
				COPY_PHASE_STRIP = NO;
				DEBUG_INFORMATION_FORMAT = "dwarf-with-dsym";
				ENABLE_NS_ASSERTIONS = NO;
				ENABLE_STRICT_OBJC_MSGSEND = YES;
				GCC_C_LANGUAGE_STANDARD = gnu99;
				GCC_NO_COMMON_BLOCKS = YES;
				GCC_WARN_64_TO_32_BIT_CONVERSION = YES;
				GCC_WARN_ABOUT_RETURN_TYPE = YES_ERROR;
				GCC_WARN_UNDECLARED_SELECTOR = YES;
				GCC_WARN_UNINITIALIZED_AUTOS = YES_AGGRESSIVE;
				GCC_WARN_UNUSED_FUNCTION = YES;
				GCC_WARN_UNUSED_VARIABLE = YES;
				IPHONEOS_DEPLOYMENT_TARGET = 9.1;
				MTL_ENABLE_DEBUG_INFO = NO;
				SDKROOT = iphoneos;
				VALIDATE_PRODUCT = YES;
			};
			name = Release;
		};
		3B0498D21C377228000DDCCC /* Debug */ = {
			isa = XCBuildConfiguration;
			buildSettings = {
				ASSETCATALOG_COMPILER_APPICON_NAME = AppIcon;
				INFOPLIST_FILE = NodeIOS/Info.plist;
				LD_RUNPATH_SEARCH_PATHS = "$(inherited) @executable_path/Frameworks";
				PRODUCT_BUNDLE_IDENTIFIER = tunguyen.NodeIOS;
				PRODUCT_NAME = "$(TARGET_NAME)";
			};
			name = Debug;
		};
		3B0498D31C377228000DDCCC /* Release */ = {
			isa = XCBuildConfiguration;
			buildSettings = {
				ASSETCATALOG_COMPILER_APPICON_NAME = AppIcon;
				INFOPLIST_FILE = NodeIOS/Info.plist;
				LD_RUNPATH_SEARCH_PATHS = "$(inherited) @executable_path/Frameworks";
				PRODUCT_BUNDLE_IDENTIFIER = tunguyen.NodeIOS;
				PRODUCT_NAME = "$(TARGET_NAME)";
			};
			name = Release;
		};
/* End XCBuildConfiguration section */

/* Begin XCConfigurationList section */
		3B0498BA1C377228000DDCCC /* Build configuration list for PBXProject "NodeIOS" */ = {
			isa = XCConfigurationList;
			buildConfigurations = (
				3B0498CF1C377228000DDCCC /* Debug */,
				3B0498D01C377228000DDCCC /* Release */,
			);
			defaultConfigurationIsVisible = 0;
			defaultConfigurationName = Release;
		};
		3B0498D11C377228000DDCCC /* Build configuration list for PBXNativeTarget "NodeIOS" */ = {
			isa = XCConfigurationList;
			buildConfigurations = (
				3B0498D21C377228000DDCCC /* Debug */,
				3B0498D31C377228000DDCCC /* Release */,
			);
			defaultConfigurationIsVisible = 0;
		};
/* End XCConfigurationList section */
	};
	rootObject = 3B0498B71C377228000DDCCC /* Project object */;
}
