// !$*UTF8*$!
{
	archiveVersion = 1;
	classes = {
	};
	objectVersion = 46;
	objects = {

/* Begin PBXBuildFile section */
		CB39ACAF1D13EF87005096DB /* AppDelegate.swift in Sources */ = {isa = PBXBuildFile; fileRef = CB39ACAE1D13EF87005096DB /* AppDelegate.swift */; };
		CB39ACB11D13EF87005096DB /* ViewController.swift in Sources */ = {isa = PBXBuildFile; fileRef = CB39ACB01D13EF87005096DB /* ViewController.swift */; };
		CB39ACB41D13EF87005096DB /* Main.storyboard in Resources */ = {isa = PBXBuildFile; fileRef = CB39ACB21D13EF87005096DB /* Main.storyboard */; };
		CB39ACB61D13EF87005096DB /* Assets.xcassets in Resources */ = {isa = PBXBuildFile; fileRef = CB39ACB51D13EF87005096DB /* Assets.xcassets */; };
		CB39ACB91D13EF87005096DB /* LaunchScreen.storyboard in Resources */ = {isa = PBXBuildFile; fileRef = CB39ACB71D13EF87005096DB /* LaunchScreen.storyboard */; };
/* End PBXBuildFile section */

/* Begin PBXFileReference section */
		CB39ACAB1D13EF87005096DB /* NSOperationSwift.app */ = {isa = PBXFileReference; explicitFileType = wrapper.application; includeInIndex = 0; path = NSOperationSwift.app; sourceTree = BUILT_PRODUCTS_DIR; };
		CB39ACAE1D13EF87005096DB /* AppDelegate.swift */ = {isa = PBXFileReference; lastKnownFileType = sourcecode.swift; path = AppDelegate.swift; sourceTree = "<group>"; };
		CB39ACB01D13EF87005096DB /* ViewController.swift */ = {isa = PBXFileReference; lastKnownFileType = sourcecode.swift; path = ViewController.swift; sourceTree = "<group>"; };
		CB39ACB31D13EF87005096DB /* Base */ = {isa = PBXFileReference; lastKnownFileType = file.storyboard; name = Base; path = Base.lproj/Main.storyboard; sourceTree = "<group>"; };
		CB39ACB51D13EF87005096DB /* Assets.xcassets */ = {isa = PBXFileReference; lastKnownFileType = folder.assetcatalog; path = Assets.xcassets; sourceTree = "<group>"; };
		CB39ACB81D13EF87005096DB /* Base */ = {isa = PBXFileReference; lastKnownFileType = file.storyboard; name = Base; path = Base.lproj/LaunchScreen.storyboard; sourceTree = "<group>"; };
		CB39ACBA1D13EF87005096DB /* Info.plist */ = {isa = PBXFileReference; lastKnownFileType = text.plist.xml; path = Info.plist; sourceTree = "<group>"; };
/* End PBXFileReference section */

/* Begin PBXFrameworksBuildPhase section */
		CB39ACA81D13EF87005096DB /* Frameworks */ = {
			isa = PBXFrameworksBuildPhase;
			buildActionMask = 2147483647;
			files = (
			);
			runOnlyForDeploymentPostprocessing = 0;
		};
/* End PBXFrameworksBuildPhase section */

/* Begin PBXGroup section */
		CB39ACA21D13EF87005096DB = {
			isa = PBXGroup;
			children = (
				CB39ACAD1D13EF87005096DB /* NSOperationSwift */,
				CB39ACAC1D13EF87005096DB /* Products */,
			);
			sourceTree = "<group>";
		};
		CB39ACAC1D13EF87005096DB /* Products */ = {
			isa = PBXGroup;
			children = (
				CB39ACAB1D13EF87005096DB /* NSOperationSwift.app */,
			);
			name = Products;
			sourceTree = "<group>";
		};
		CB39ACAD1D13EF87005096DB /* NSOperationSwift */ = {
			isa = PBXGroup;
			children = (
				CB39ACAE1D13EF87005096DB /* AppDelegate.swift */,
				CB39ACB01D13EF87005096DB /* ViewController.swift */,
				CB39ACB21D13EF87005096DB /* Main.storyboard */,
				CB39ACB51D13EF87005096DB /* Assets.xcassets */,
				CB39ACB71D13EF87005096DB /* LaunchScreen.storyboard */,
				CB39ACBA1D13EF87005096DB /* Info.plist */,
			);
			path = NSOperationSwift;
			sourceTree = "<group>";
		};
/* End PBXGroup section */

/* Begin PBXNativeTarget section */
		CB39ACAA1D13EF87005096DB /* NSOperationSwift */ = {
			isa = PBXNativeTarget;
			buildConfigurationList = CB39ACBD1D13EF87005096DB /* Build configuration list for PBXNativeTarget "NSOperationSwift" */;
			buildPhases = (
				CB39ACA71D13EF87005096DB /* Sources */,
				CB39ACA81D13EF87005096DB /* Frameworks */,
				CB39ACA91D13EF87005096DB /* Resources */,
			);
			buildRules = (
			);
			dependencies = (
			);
			name = NSOperationSwift;
			productName = NSOperationSwift;
			productReference = CB39ACAB1D13EF87005096DB /* NSOperationSwift.app */;
			productType = "com.apple.product-type.application";
		};
/* End PBXNativeTarget section */

/* Begin PBXProject section */
		CB39ACA31D13EF87005096DB /* Project object */ = {
			isa = PBXProject;
			attributes = {
				LastSwiftUpdateCheck = 0730;
				LastUpgradeCheck = 0730;
				ORGANIZATIONNAME = TuNguyen;
				TargetAttributes = {
					CB39ACAA1D13EF87005096DB = {
						CreatedOnToolsVersion = 7.3;
					};
				};
			};
			buildConfigurationList = CB39ACA61D13EF87005096DB /* Build configuration list for PBXProject "NSOperationSwift" */;
			compatibilityVersion = "Xcode 3.2";
			developmentRegion = English;
			hasScannedForEncodings = 0;
			knownRegions = (
				en,
				Base,
			);
			mainGroup = CB39ACA21D13EF87005096DB;
			productRefGroup = CB39ACAC1D13EF87005096DB /* Products */;
			projectDirPath = "";
			projectRoot = "";
			targets = (
				CB39ACAA1D13EF87005096DB /* NSOperationSwift */,
			);
		};
/* End PBXProject section */

/* Begin PBXResourcesBuildPhase section */
		CB39ACA91D13EF87005096DB /* Resources */ = {
			isa = PBXResourcesBuildPhase;
			buildActionMask = 2147483647;
			files = (
				CB39ACB91D13EF87005096DB /* LaunchScreen.storyboard in Resources */,
				CB39ACB61D13EF87005096DB /* Assets.xcassets in Resources */,
				CB39ACB41D13EF87005096DB /* Main.storyboard in Resources */,
			);
			runOnlyForDeploymentPostprocessing = 0;
		};
/* End PBXResourcesBuildPhase section */

/* Begin PBXSourcesBuildPhase section */
		CB39ACA71D13EF87005096DB /* Sources */ = {
			isa = PBXSourcesBuildPhase;
			buildActionMask = 2147483647;
			files = (
				CB39ACB11D13EF87005096DB /* ViewController.swift in Sources */,
				CB39ACAF1D13EF87005096DB /* AppDelegate.swift in Sources */,
			);
			runOnlyForDeploymentPostprocessing = 0;
		};
/* End PBXSourcesBuildPhase section */

/* Begin PBXVariantGroup section */
		CB39ACB21D13EF87005096DB /* Main.storyboard */ = {
			isa = PBXVariantGroup;
			children = (
				CB39ACB31D13EF87005096DB /* Base */,
			);
			name = Main.storyboard;
			sourceTree = "<group>";
		};
		CB39ACB71D13EF87005096DB /* LaunchScreen.storyboard */ = {
			isa = PBXVariantGroup;
			children = (
				CB39ACB81D13EF87005096DB /* Base */,
			);
			name = LaunchScreen.storyboard;
			sourceTree = "<group>";
		};
/* End PBXVariantGroup section */

/* Begin XCBuildConfiguration section */
		CB39ACBB1D13EF87005096DB /* Debug */ = {
			isa = XCBuildConfiguration;
			buildSettings = {
				ALWAYS_SEARCH_USER_PATHS = NO;
				CLANG_ANALYZER_NONNULL = YES;
				CLANG_CXX_LANGUAGE_STANDARD = "gnu++0x";
				CLANG_CXX_LIBRARY = "libc++";
				CLANG_ENABLE_MODULES = YES;
				CLANG_ENABLE_OBJC_ARC = YES;
				CLANG_WARN_BOOL_CONVERSION = YES;
				CLANG_WARN_CONSTANT_CONVERSION = YES;
				CLANG_WARN_DIRECT_OBJC_ISA_USAGE = YES_ERROR;
				CLANG_WARN_EMPTY_BODY = YES;
				CLANG_WARN_ENUM_CONVERSION = YES;
				CLANG_WARN_INT_CONVERSION = YES;
				CLANG_WARN_OBJC_ROOT_CLASS = YES_ERROR;
				CLANG_WARN_UNREACHABLE_CODE = YES;
				CLANG_WARN__DUPLICATE_METHOD_MATCH = YES;
				"CODE_SIGN_IDENTITY[sdk=iphoneos*]" = "iPhone Developer";
				COPY_PHASE_STRIP = NO;
				DEBUG_INFORMATION_FORMAT = dwarf;
				ENABLE_STRICT_OBJC_MSGSEND = YES;
				ENABLE_TESTABILITY = YES;
				GCC_C_LANGUAGE_STANDARD = gnu99;
				GCC_DYNAMIC_NO_PIC = NO;
				GCC_NO_COMMON_BLOCKS = YES;
				GCC_OPTIMIZATION_LEVEL = 0;
				GCC_PREPROCESSOR_DEFINITIONS = (
					"DEBUG=1",
					"$(inherited)",
				);
				GCC_WARN_64_TO_32_BIT_CONVERSION = YES;
				GCC_WARN_ABOUT_RETURN_TYPE = YES_ERROR;
				GCC_WARN_UNDECLARED_SELECTOR = YES;
				GCC_WARN_UNINITIALIZED_AUTOS = YES_AGGRESSIVE;
				GCC_WARN_UNUSED_FUNCTION = YES;
				GCC_WARN_UNUSED_VARIABLE = YES;
				IPHONEOS_DEPLOYMENT_TARGET = 9.3;
				MTL_ENABLE_DEBUG_INFO = YES;
				ONLY_ACTIVE_ARCH = YES;
				SDKROOT = iphoneos;
				SWIFT_OPTIMIZATION_LEVEL = "-Onone";
				TARGETED_DEVICE_FAMILY = "1,2";
			};
			name = Debug;
		};
		CB39ACBC1D13EF87005096DB /* Release */ = {
			isa = XCBuildConfiguration;
			buildSettings = {
				ALWAYS_SEARCH_USER_PATHS = NO;
				CLANG_ANALYZER_NONNULL = YES;
				CLANG_CXX_LANGUAGE_STANDARD = "gnu++0x";
				CLANG_CXX_LIBRARY = "libc++";
				CLANG_ENABLE_MODULES = YES;
				CLANG_ENABLE_OBJC_ARC = YES;
				CLANG_WARN_BOOL_CONVERSION = YES;
				CLANG_WARN_CONSTANT_CONVERSION = YES;
				CLANG_WARN_DIRECT_OBJC_ISA_USAGE = YES_ERROR;
				CLANG_WARN_EMPTY_BODY = YES;
				CLANG_WARN_ENUM_CONVERSION = YES;
				CLANG_WARN_INT_CONVERSION = YES;
				CLANG_WARN_OBJC_ROOT_CLASS = YES_ERROR;
				CLANG_WARN_UNREACHABLE_CODE = YES;
				CLANG_WARN__DUPLICATE_METHOD_MATCH = YES;
				"CODE_SIGN_IDENTITY[sdk=iphoneos*]" = "iPhone Developer";
				COPY_PHASE_STRIP = NO;
				DEBUG_INFORMATION_FORMAT = "dwarf-with-dsym";
				ENABLE_NS_ASSERTIONS = NO;
				ENABLE_STRICT_OBJC_MSGSEND = YES;
				GCC_C_LANGUAGE_STANDARD = gnu99;
				GCC_NO_COMMON_BLOCKS = YES;
				GCC_WARN_64_TO_32_BIT_CONVERSION = YES;
				GCC_WARN_ABOUT_RETURN_TYPE = YES_ERROR;
				GCC_WARN_UNDECLARED_SELECTOR = YES;
				GCC_WARN_UNINITIALIZED_AUTOS = YES_AGGRESSIVE;
				GCC_WARN_UNUSED_FUNCTION = YES;
				GCC_WARN_UNUSED_VARIABLE = YES;
				IPHONEOS_DEPLOYMENT_TARGET = 9.3;
				MTL_ENABLE_DEBUG_INFO = NO;
				SDKROOT = iphoneos;
				TARGETED_DEVICE_FAMILY = "1,2";
				VALIDATE_PRODUCT = YES;
			};
			name = Release;
		};
		CB39ACBE1D13EF87005096DB /* Debug */ = {
			isa = XCBuildConfiguration;
			buildSettings = {
				ASSETCATALOG_COMPILER_APPICON_NAME = AppIcon;
				INFOPLIST_FILE = NSOperationSwift/Info.plist;
				LD_RUNPATH_SEARCH_PATHS = "$(inherited) @executable_path/Frameworks";
				PRODUCT_BUNDLE_IDENTIFIER = com.nvt.NSOperationSwift;
				PRODUCT_NAME = "$(TARGET_NAME)";
			};
			name = Debug;
		};
		CB39ACBF1D13EF87005096DB /* Release */ = {
			isa = XCBuildConfiguration;
			buildSettings = {
				ASSETCATALOG_COMPILER_APPICON_NAME = AppIcon;
				INFOPLIST_FILE = NSOperationSwift/Info.plist;
				LD_RUNPATH_SEARCH_PATHS = "$(inherited) @executable_path/Frameworks";
				PRODUCT_BUNDLE_IDENTIFIER = com.nvt.NSOperationSwift;
				PRODUCT_NAME = "$(TARGET_NAME)";
			};
			name = Release;
		};
/* End XCBuildConfiguration section */

/* Begin XCConfigurationList section */
		CB39ACA61D13EF87005096DB /* Build configuration list for PBXProject "NSOperationSwift" */ = {
			isa = XCConfigurationList;
			buildConfigurations = (
				CB39ACBB1D13EF87005096DB /* Debug */,
				CB39ACBC1D13EF87005096DB /* Release */,
			);
			defaultConfigurationIsVisible = 0;
			defaultConfigurationName = Release;
		};
		CB39ACBD1D13EF87005096DB /* Build configuration list for PBXNativeTarget "NSOperationSwift" */ = {
			isa = XCConfigurationList;
			buildConfigurations = (
				CB39ACBE1D13EF87005096DB /* Debug */,
				CB39ACBF1D13EF87005096DB /* Release */,
			);
			defaultConfigurationIsVisible = 0;
		};
/* End XCConfigurationList section */
	};
	rootObject = CB39ACA31D13EF87005096DB /* Project object */;
}
