// !$*UTF8*$!
{
	archiveVersion = 1;
	classes = {
	};
	objectVersion = 46;
	objects = {

/* Begin PBXBuildFile section */
		CB3E73DE1CF405AF00C25D69 /* AppDelegate.swift in Sources */ = {isa = PBXBuildFile; fileRef = CB3E73DD1CF405AF00C25D69 /* AppDelegate.swift */; };
		CB3E73E01CF405AF00C25D69 /* ViewController.swift in Sources */ = {isa = PBXBuildFile; fileRef = CB3E73DF1CF405AF00C25D69 /* ViewController.swift */; };
		CB3E73E31CF405AF00C25D69 /* Main.storyboard in Resources */ = {isa = PBXBuildFile; fileRef = CB3E73E11CF405AF00C25D69 /* Main.storyboard */; };
		CB3E73E51CF405AF00C25D69 /* Assets.xcassets in Resources */ = {isa = PBXBuildFile; fileRef = CB3E73E41CF405AF00C25D69 /* Assets.xcassets */; };
		CB3E73E81CF405AF00C25D69 /* LaunchScreen.storyboard in Resources */ = {isa = PBXBuildFile; fileRef = CB3E73E61CF405AF00C25D69 /* LaunchScreen.storyboard */; };
		CB3E73F01CF4062A00C25D69 /* V2.swift in Sources */ = {isa = PBXBuildFile; fileRef = CB3E73EF1CF4062A00C25D69 /* V2.swift */; };
/* End PBXBuildFile section */

/* Begin PBXFileReference section */
		CB3E73DA1CF405AF00C25D69 /* Push.app */ = {isa = PBXFileReference; explicitFileType = wrapper.application; includeInIndex = 0; path = Push.app; sourceTree = BUILT_PRODUCTS_DIR; };
		CB3E73DD1CF405AF00C25D69 /* AppDelegate.swift */ = {isa = PBXFileReference; lastKnownFileType = sourcecode.swift; path = AppDelegate.swift; sourceTree = "<group>"; };
		CB3E73DF1CF405AF00C25D69 /* ViewController.swift */ = {isa = PBXFileReference; lastKnownFileType = sourcecode.swift; path = ViewController.swift; sourceTree = "<group>"; };
		CB3E73E21CF405AF00C25D69 /* Base */ = {isa = PBXFileReference; lastKnownFileType = file.storyboard; name = Base; path = Base.lproj/Main.storyboard; sourceTree = "<group>"; };
		CB3E73E41CF405AF00C25D69 /* Assets.xcassets */ = {isa = PBXFileReference; lastKnownFileType = folder.assetcatalog; path = Assets.xcassets; sourceTree = "<group>"; };
		CB3E73E71CF405AF00C25D69 /* Base */ = {isa = PBXFileReference; lastKnownFileType = file.storyboard; name = Base; path = Base.lproj/LaunchScreen.storyboard; sourceTree = "<group>"; };
		CB3E73E91CF405AF00C25D69 /* Info.plist */ = {isa = PBXFileReference; lastKnownFileType = text.plist.xml; path = Info.plist; sourceTree = "<group>"; };
		CB3E73EF1CF4062A00C25D69 /* V2.swift */ = {isa = PBXFileReference; fileEncoding = 4; lastKnownFileType = sourcecode.swift; path = V2.swift; sourceTree = "<group>"; };
/* End PBXFileReference section */

/* Begin PBXFrameworksBuildPhase section */
		CB3E73D71CF405AF00C25D69 /* Frameworks */ = {
			isa = PBXFrameworksBuildPhase;
			buildActionMask = 2147483647;
			files = (
			);
			runOnlyForDeploymentPostprocessing = 0;
		};
/* End PBXFrameworksBuildPhase section */

/* Begin PBXGroup section */
		CB3E73D11CF405AF00C25D69 = {
			isa = PBXGroup;
			children = (
				CB3E73DC1CF405AF00C25D69 /* Push */,
				CB3E73DB1CF405AF00C25D69 /* Products */,
			);
			sourceTree = "<group>";
		};
		CB3E73DB1CF405AF00C25D69 /* Products */ = {
			isa = PBXGroup;
			children = (
				CB3E73DA1CF405AF00C25D69 /* Push.app */,
			);
			name = Products;
			sourceTree = "<group>";
		};
		CB3E73DC1CF405AF00C25D69 /* Push */ = {
			isa = PBXGroup;
			children = (
				CB3E73DD1CF405AF00C25D69 /* AppDelegate.swift */,
				CB3E73DF1CF405AF00C25D69 /* ViewController.swift */,
				CB3E73EF1CF4062A00C25D69 /* V2.swift */,
				CB3E73E11CF405AF00C25D69 /* Main.storyboard */,
				CB3E73E41CF405AF00C25D69 /* Assets.xcassets */,
				CB3E73E61CF405AF00C25D69 /* LaunchScreen.storyboard */,
				CB3E73E91CF405AF00C25D69 /* Info.plist */,
			);
			path = Push;
			sourceTree = "<group>";
		};
/* End PBXGroup section */

/* Begin PBXNativeTarget section */
		CB3E73D91CF405AF00C25D69 /* Push */ = {
			isa = PBXNativeTarget;
			buildConfigurationList = CB3E73EC1CF405AF00C25D69 /* Build configuration list for PBXNativeTarget "Push" */;
			buildPhases = (
				CB3E73D61CF405AF00C25D69 /* Sources */,
				CB3E73D71CF405AF00C25D69 /* Frameworks */,
				CB3E73D81CF405AF00C25D69 /* Resources */,
			);
			buildRules = (
			);
			dependencies = (
			);
			name = Push;
			productName = Push;
			productReference = CB3E73DA1CF405AF00C25D69 /* Push.app */;
			productType = "com.apple.product-type.application";
		};
/* End PBXNativeTarget section */

/* Begin PBXProject section */
		CB3E73D21CF405AF00C25D69 /* Project object */ = {
			isa = PBXProject;
			attributes = {
				LastSwiftUpdateCheck = 0730;
				LastUpgradeCheck = 0730;
				ORGANIZATIONNAME = TuNguyen;
				TargetAttributes = {
					CB3E73D91CF405AF00C25D69 = {
						CreatedOnToolsVersion = 7.3;
					};
				};
			};
			buildConfigurationList = CB3E73D51CF405AF00C25D69 /* Build configuration list for PBXProject "Push" */;
			compatibilityVersion = "Xcode 3.2";
			developmentRegion = English;
			hasScannedForEncodings = 0;
			knownRegions = (
				en,
				Base,
			);
			mainGroup = CB3E73D11CF405AF00C25D69;
			productRefGroup = CB3E73DB1CF405AF00C25D69 /* Products */;
			projectDirPath = "";
			projectRoot = "";
			targets = (
				CB3E73D91CF405AF00C25D69 /* Push */,
			);
		};
/* End PBXProject section */

/* Begin PBXResourcesBuildPhase section */
		CB3E73D81CF405AF00C25D69 /* Resources */ = {
			isa = PBXResourcesBuildPhase;
			buildActionMask = 2147483647;
			files = (
				CB3E73E81CF405AF00C25D69 /* LaunchScreen.storyboard in Resources */,
				CB3E73E51CF405AF00C25D69 /* Assets.xcassets in Resources */,
				CB3E73E31CF405AF00C25D69 /* Main.storyboard in Resources */,
			);
			runOnlyForDeploymentPostprocessing = 0;
		};
/* End PBXResourcesBuildPhase section */

/* Begin PBXSourcesBuildPhase section */
		CB3E73D61CF405AF00C25D69 /* Sources */ = {
			isa = PBXSourcesBuildPhase;
			buildActionMask = 2147483647;
			files = (
				CB3E73E01CF405AF00C25D69 /* ViewController.swift in Sources */,
				CB3E73DE1CF405AF00C25D69 /* AppDelegate.swift in Sources */,
				CB3E73F01CF4062A00C25D69 /* V2.swift in Sources */,
			);
			runOnlyForDeploymentPostprocessing = 0;
		};
/* End PBXSourcesBuildPhase section */

/* Begin PBXVariantGroup section */
		CB3E73E11CF405AF00C25D69 /* Main.storyboard */ = {
			isa = PBXVariantGroup;
			children = (
				CB3E73E21CF405AF00C25D69 /* Base */,
			);
			name = Main.storyboard;
			sourceTree = "<group>";
		};
		CB3E73E61CF405AF00C25D69 /* LaunchScreen.storyboard */ = {
			isa = PBXVariantGroup;
			children = (
				CB3E73E71CF405AF00C25D69 /* Base */,
			);
			name = LaunchScreen.storyboard;
			sourceTree = "<group>";
		};
/* End PBXVariantGroup section */

/* Begin XCBuildConfiguration section */
		CB3E73EA1CF405AF00C25D69 /* Debug */ = {
			isa = XCBuildConfiguration;
			buildSettings = {
				ALWAYS_SEARCH_USER_PATHS = NO;
				CLANG_ANALYZER_NONNULL = YES;
				CLANG_CXX_LANGUAGE_STANDARD = "gnu++0x";
				CLANG_CXX_LIBRARY = "libc++";
				CLANG_ENABLE_MODULES = YES;
				CLANG_ENABLE_OBJC_ARC = YES;
				CLANG_WARN_BOOL_CONVERSION = YES;
				CLANG_WARN_CONSTANT_CONVERSION = YES;
				CLANG_WARN_DIRECT_OBJC_ISA_USAGE = YES_ERROR;
				CLANG_WARN_EMPTY_BODY = YES;
				CLANG_WARN_ENUM_CONVERSION = YES;
				CLANG_WARN_INT_CONVERSION = YES;
				CLANG_WARN_OBJC_ROOT_CLASS = YES_ERROR;
				CLANG_WARN_UNREACHABLE_CODE = YES;
				CLANG_WARN__DUPLICATE_METHOD_MATCH = YES;
				"CODE_SIGN_IDENTITY[sdk=iphoneos*]" = "iPhone Developer";
				COPY_PHASE_STRIP = NO;
				DEBUG_INFORMATION_FORMAT = dwarf;
				ENABLE_STRICT_OBJC_MSGSEND = YES;
				ENABLE_TESTABILITY = YES;
				GCC_C_LANGUAGE_STANDARD = gnu99;
				GCC_DYNAMIC_NO_PIC = NO;
				GCC_NO_COMMON_BLOCKS = YES;
				GCC_OPTIMIZATION_LEVEL = 0;
				GCC_PREPROCESSOR_DEFINITIONS = (
					"DEBUG=1",
					"$(inherited)",
				);
				GCC_WARN_64_TO_32_BIT_CONVERSION = YES;
				GCC_WARN_ABOUT_RETURN_TYPE = YES_ERROR;
				GCC_WARN_UNDECLARED_SELECTOR = YES;
				GCC_WARN_UNINITIALIZED_AUTOS = YES_AGGRESSIVE;
				GCC_WARN_UNUSED_FUNCTION = YES;
				GCC_WARN_UNUSED_VARIABLE = YES;
				IPHONEOS_DEPLOYMENT_TARGET = 9.3;
				MTL_ENABLE_DEBUG_INFO = YES;
				ONLY_ACTIVE_ARCH = YES;
				SDKROOT = iphoneos;
				SWIFT_OPTIMIZATION_LEVEL = "-Onone";
				TARGETED_DEVICE_FAMILY = "1,2";
			};
			name = Debug;
		};
		CB3E73EB1CF405AF00C25D69 /* Release */ = {
			isa = XCBuildConfiguration;
			buildSettings = {
				ALWAYS_SEARCH_USER_PATHS = NO;
				CLANG_ANALYZER_NONNULL = YES;
				CLANG_CXX_LANGUAGE_STANDARD = "gnu++0x";
				CLANG_CXX_LIBRARY = "libc++";
				CLANG_ENABLE_MODULES = YES;
				CLANG_ENABLE_OBJC_ARC = YES;
				CLANG_WARN_BOOL_CONVERSION = YES;
				CLANG_WARN_CONSTANT_CONVERSION = YES;
				CLANG_WARN_DIRECT_OBJC_ISA_USAGE = YES_ERROR;
				CLANG_WARN_EMPTY_BODY = YES;
				CLANG_WARN_ENUM_CONVERSION = YES;
				CLANG_WARN_INT_CONVERSION = YES;
				CLANG_WARN_OBJC_ROOT_CLASS = YES_ERROR;
				CLANG_WARN_UNREACHABLE_CODE = YES;
				CLANG_WARN__DUPLICATE_METHOD_MATCH = YES;
				"CODE_SIGN_IDENTITY[sdk=iphoneos*]" = "iPhone Developer";
				COPY_PHASE_STRIP = NO;
				DEBUG_INFORMATION_FORMAT = "dwarf-with-dsym";
				ENABLE_NS_ASSERTIONS = NO;
				ENABLE_STRICT_OBJC_MSGSEND = YES;
				GCC_C_LANGUAGE_STANDARD = gnu99;
				GCC_NO_COMMON_BLOCKS = YES;
				GCC_WARN_64_TO_32_BIT_CONVERSION = YES;
				GCC_WARN_ABOUT_RETURN_TYPE = YES_ERROR;
				GCC_WARN_UNDECLARED_SELECTOR = YES;
				GCC_WARN_UNINITIALIZED_AUTOS = YES_AGGRESSIVE;
				GCC_WARN_UNUSED_FUNCTION = YES;
				GCC_WARN_UNUSED_VARIABLE = YES;
				IPHONEOS_DEPLOYMENT_TARGET = 9.3;
				MTL_ENABLE_DEBUG_INFO = NO;
				SDKROOT = iphoneos;
				TARGETED_DEVICE_FAMILY = "1,2";
				VALIDATE_PRODUCT = YES;
			};
			name = Release;
		};
		CB3E73ED1CF405AF00C25D69 /* Debug */ = {
			isa = XCBuildConfiguration;
			buildSettings = {
				ASSETCATALOG_COMPILER_APPICON_NAME = AppIcon;
				INFOPLIST_FILE = Push/Info.plist;
				LD_RUNPATH_SEARCH_PATHS = "$(inherited) @executable_path/Frameworks";
				PRODUCT_BUNDLE_IDENTIFIER = com.nvt.Push;
				PRODUCT_NAME = "$(TARGET_NAME)";
			};
			name = Debug;
		};
		CB3E73EE1CF405AF00C25D69 /* Release */ = {
			isa = XCBuildConfiguration;
			buildSettings = {
				ASSETCATALOG_COMPILER_APPICON_NAME = AppIcon;
				INFOPLIST_FILE = Push/Info.plist;
				LD_RUNPATH_SEARCH_PATHS = "$(inherited) @executable_path/Frameworks";
				PRODUCT_BUNDLE_IDENTIFIER = com.nvt.Push;
				PRODUCT_NAME = "$(TARGET_NAME)";
			};
			name = Release;
		};
/* End XCBuildConfiguration section */

/* Begin XCConfigurationList section */
		CB3E73D51CF405AF00C25D69 /* Build configuration list for PBXProject "Push" */ = {
			isa = XCConfigurationList;
			buildConfigurations = (
				CB3E73EA1CF405AF00C25D69 /* Debug */,
				CB3E73EB1CF405AF00C25D69 /* Release */,
			);
			defaultConfigurationIsVisible = 0;
			defaultConfigurationName = Release;
		};
		CB3E73EC1CF405AF00C25D69 /* Build configuration list for PBXNativeTarget "Push" */ = {
			isa = XCConfigurationList;
			buildConfigurations = (
				CB3E73ED1CF405AF00C25D69 /* Debug */,
				CB3E73EE1CF405AF00C25D69 /* Release */,
			);
			defaultConfigurationIsVisible = 0;
		};
/* End XCConfigurationList section */
	};
	rootObject = CB3E73D21CF405AF00C25D69 /* Project object */;
}
